// !$*UTF8*$!
{
	archiveVersion = 1;
	classes = {
	};
	objectVersion = 54;
	objects = {

/* Begin PBXBuildFile section */
		2D21D5E1E36847937D62AD16 /* XcodegenTestApp.swift in Sources */ = {isa = PBXBuildFile; fileRef = 2020A6CB762DBE1526F15217 /* XcodegenTestApp.swift */; };
		97BA1C57A8968DFC332A29F9 /* Preview Assets.xcassets in Resources */ = {isa = PBXBuildFile; fileRef = 5C2A3DC913E5C6B24CC70EF5 /* Preview Assets.xcassets */; };
		CB9CB3ADC16B352BF31C768F /* Assets.xcassets in Resources */ = {isa = PBXBuildFile; fileRef = EB0F15E3A42B6E397A0CBD38 /* Assets.xcassets */; };
		D5682A062775CDA8DF6B2FDE /* ContentView.swift in Sources */ = {isa = PBXBuildFile; fileRef = 64949F61AB558BE1722B7B4A /* ContentView.swift */; };
		E06CD049C80021CF9572DA32 /* project.yml in Resources */ = {isa = PBXBuildFile; fileRef = 555629570EBCA7BB6EAF4953 /* project.yml */; };
/* End PBXBuildFile section */

/* Begin PBXFileReference section */
		0E75C2ACFABB414D3C59A0FA /* XcodegenTest.app */ = {isa = PBXFileReference; includeInIndex = 0; lastKnownFileType = wrapper.application; path = XcodegenTest.app; sourceTree = BUILT_PRODUCTS_DIR; };
		2020A6CB762DBE1526F15217 /* XcodegenTestApp.swift */ = {isa = PBXFileReference; lastKnownFileType = sourcecode.swift; path = XcodegenTestApp.swift; sourceTree = "<group>"; };
		555629570EBCA7BB6EAF4953 /* project.yml */ = {isa = PBXFileReference; lastKnownFileType = text.yaml; path = project.yml; sourceTree = "<group>"; };
		5C2A3DC913E5C6B24CC70EF5 /* Preview Assets.xcassets */ = {isa = PBXFileReference; lastKnownFileType = folder.assetcatalog; path = "Preview Assets.xcassets"; sourceTree = "<group>"; };
		64949F61AB558BE1722B7B4A /* ContentView.swift */ = {isa = PBXFileReference; lastKnownFileType = sourcecode.swift; path = ContentView.swift; sourceTree = "<group>"; };
		EB0F15E3A42B6E397A0CBD38 /* Assets.xcassets */ = {isa = PBXFileReference; lastKnownFileType = folder.assetcatalog; path = Assets.xcassets; sourceTree = "<group>"; };
		EFD4CD27B793A59A16F59954 /* Info.plist */ = {isa = PBXFileReference; lastKnownFileType = text.plist; path = Info.plist; sourceTree = "<group>"; };
/* End PBXFileReference section */

/* Begin PBXGroup section */
		074A2E33C97BFA19748A4485 = {
			isa = PBXGroup;
			children = (
				555629570EBCA7BB6EAF4953 /* project.yml */,
				9811F28E8D6ECA83B07BBB1E /* XcodegenTest */,
				A4183712CEF54AFDE0CC38CC /* Products */,
			);
			sourceTree = "<group>";
		};
		9811F28E8D6ECA83B07BBB1E /* XcodegenTest */ = {
			isa = PBXGroup;
			children = (
				EB0F15E3A42B6E397A0CBD38 /* Assets.xcassets */,
				64949F61AB558BE1722B7B4A /* ContentView.swift */,
				EFD4CD27B793A59A16F59954 /* Info.plist */,
				2020A6CB762DBE1526F15217 /* XcodegenTestApp.swift */,
				F0913CC95767CC0D2F3A7D0B /* Preview Content */,
			);
			path = XcodegenTest;
			sourceTree = "<group>";
		};
		A4183712CEF54AFDE0CC38CC /* Products */ = {
			isa = PBXGroup;
			children = (
				0E75C2ACFABB414D3C59A0FA /* XcodegenTest.app */,
			);
			name = Products;
			sourceTree = "<group>";
		};
		F0913CC95767CC0D2F3A7D0B /* Preview Content */ = {
			isa = PBXGroup;
			children = (
				5C2A3DC913E5C6B24CC70EF5 /* Preview Assets.xcassets */,
			);
			path = "Preview Content";
			sourceTree = "<group>";
		};
/* End PBXGroup section */

/* Begin PBXNativeTarget section */
		B38906DE96A05F4BCFFD4829 /* XcodegenTest */ = {
			isa = PBXNativeTarget;
			buildConfigurationList = FBA024EDCE62767BBFA0BF45 /* Build configuration list for PBXNativeTarget "XcodegenTest" */;
			buildPhases = (
				5406C9A4A3FEA64EBF1008F2 /* Sources */,
				8CBC7EFE265A74994C507538 /* Resources */,
			);
			buildRules = (
			);
			dependencies = (
			);
			name = XcodegenTest;
			productName = XcodegenTest;
			productReference = 0E75C2ACFABB414D3C59A0FA /* XcodegenTest.app */;
			productType = "com.apple.product-type.application";
		};
/* End PBXNativeTarget section */

/* Begin PBXProject section */
		C421B30AF0968281CDD567D1 /* Project object */ = {
			isa = PBXProject;
			attributes = {
				BuildIndependentTargetsInParallel = YES;
				LastUpgradeCheck = 1430;
				TargetAttributes = {
					B38906DE96A05F4BCFFD4829 = {
						DevelopmentTeam = algoria;
					};
				};
			};
			buildConfigurationList = 9D3EB6E8DCDF72F4B8A2E72D /* Build configuration list for PBXProject "XcodegenTest" */;
			compatibilityVersion = "Xcode 14.0";
			developmentRegion = ja;
			hasScannedForEncodings = 0;
			knownRegions = (
				Base,
				ja,
			);
			mainGroup = 074A2E33C97BFA19748A4485;
			projectDirPath = "";
			projectRoot = "";
			targets = (
				B38906DE96A05F4BCFFD4829 /* XcodegenTest */,
			);
		};
/* End PBXProject section */

/* Begin PBXResourcesBuildPhase section */
		8CBC7EFE265A74994C507538 /* Resources */ = {
			isa = PBXResourcesBuildPhase;
			buildActionMask = 2147483647;
			files = (
				CB9CB3ADC16B352BF31C768F /* Assets.xcassets in Resources */,
				97BA1C57A8968DFC332A29F9 /* Preview Assets.xcassets in Resources */,
				E06CD049C80021CF9572DA32 /* project.yml in Resources */,
			);
			runOnlyForDeploymentPostprocessing = 0;
		};
/* End PBXResourcesBuildPhase section */

/* Begin PBXSourcesBuildPhase section */
		5406C9A4A3FEA64EBF1008F2 /* Sources */ = {
			isa = PBXSourcesBuildPhase;
			buildActionMask = 2147483647;
			files = (
				D5682A062775CDA8DF6B2FDE /* ContentView.swift in Sources */,
				2D21D5E1E36847937D62AD16 /* XcodegenTestApp.swift in Sources */,
			);
			runOnlyForDeploymentPostprocessing = 0;
		};
/* End PBXSourcesBuildPhase section */

/* Begin XCBuildConfiguration section */
		6EF02B47250644E472621238 /* Debug */ = {
			isa = XCBuildConfiguration;
			buildSettings = {
				ALWAYS_SEARCH_USER_PATHS = NO;
				CLANG_ANALYZER_NONNULL = YES;
				CLANG_ANALYZER_NUMBER_OBJECT_CONVERSION = YES_AGGRESSIVE;
				CLANG_CXX_LANGUAGE_STANDARD = "gnu++14";
				CLANG_CXX_LIBRARY = "libc++";
				CLANG_ENABLE_MODULES = YES;
				CLANG_ENABLE_OBJC_ARC = YES;
				CLANG_ENABLE_OBJC_WEAK = YES;
				CLANG_WARN_BLOCK_CAPTURE_AUTORELEASING = YES;
				CLANG_WARN_BOOL_CONVERSION = YES;
				CLANG_WARN_COMMA = YES;
				CLANG_WARN_CONSTANT_CONVERSION = YES;
				CLANG_WARN_DEPRECATED_OBJC_IMPLEMENTATIONS = YES;
				CLANG_WARN_DIRECT_OBJC_ISA_USAGE = YES_ERROR;
				CLANG_WARN_DOCUMENTATION_COMMENTS = YES;
				CLANG_WARN_EMPTY_BODY = YES;
				CLANG_WARN_ENUM_CONVERSION = YES;
				CLANG_WARN_INFINITE_RECURSION = YES;
				CLANG_WARN_INT_CONVERSION = YES;
				CLANG_WARN_NON_LITERAL_NULL_CONVERSION = YES;
				CLANG_WARN_OBJC_IMPLICIT_RETAIN_SELF = YES;
				CLANG_WARN_OBJC_LITERAL_CONVERSION = YES;
				CLANG_WARN_OBJC_ROOT_CLASS = YES_ERROR;
				CLANG_WARN_QUOTED_INCLUDE_IN_FRAMEWORK_HEADER = YES;
				CLANG_WARN_RANGE_LOOP_ANALYSIS = YES;
				CLANG_WARN_STRICT_PROTOTYPES = YES;
				CLANG_WARN_SUSPICIOUS_MOVE = YES;
				CLANG_WARN_UNGUARDED_AVAILABILITY = YES_AGGRESSIVE;
				CLANG_WARN_UNREACHABLE_CODE = YES;
				CLANG_WARN__DUPLICATE_METHOD_MATCH = YES;
				COPY_PHASE_STRIP = NO;
				DEBUG_INFORMATION_FORMAT = dwarf;
				ENABLE_STRICT_OBJC_MSGSEND = YES;
				ENABLE_TESTABILITY = YES;
				GCC_C_LANGUAGE_STANDARD = gnu11;
				GCC_DYNAMIC_NO_PIC = NO;
				GCC_NO_COMMON_BLOCKS = YES;
				GCC_OPTIMIZATION_LEVEL = 0;
				GCC_PREPROCESSOR_DEFINITIONS = (
					"$(inherited)",
					"DEBUG=1",
				);
				GCC_WARN_64_TO_32_BIT_CONVERSION = YES;
				GCC_WARN_ABOUT_RETURN_TYPE = YES_ERROR;
				GCC_WARN_UNDECLARED_SELECTOR = YES;
				GCC_WARN_UNINITIALIZED_AUTOS = YES_AGGRESSIVE;
				GCC_WARN_UNUSED_FUNCTION = YES;
				GCC_WARN_UNUSED_VARIABLE = YES;
				MTL_ENABLE_DEBUG_INFO = INCLUDE_SOURCE;
				MTL_FAST_MATH = YES;
				ONLY_ACTIVE_ARCH = YES;
				PRODUCT_NAME = "$(TARGET_NAME)";
				SDKROOT = iphoneos;
				SWIFT_ACTIVE_COMPILATION_CONDITIONS = DEBUG;
				SWIFT_OPTIMIZATION_LEVEL = "-Onone";
				SWIFT_VERSION = 5.0;
			};
			name = Debug;
		};
		775E70979ED958A49824D985 /* Release */ = {
			isa = XCBuildConfiguration;
			buildSettings = {
				ASSETCATALOG_COMPILER_APPICON_NAME = AppIcon;
				CODE_SIGN_IDENTITY = "iPhone Developer";
				CURRENT_PROJECT_VERSION = 1;
				DEVELOPMENT_TEAM = algoria;
				INFOPLIST_FILE = XcodegenTest/Info.plist;
				IPHONEOS_DEPLOYMENT_TARGET = 16.0;
				LD_RUNPATH_SEARCH_PATHS = (
					"$(inherited)",
					"@executable_path/Frameworks",
				);
				MARKETING_VERSION = 1.0.0;
				OTHER_LDFLAGS = (
					"$(inherited)",
					"-ObjC",
					"-all_load",
				);
				PRODUCT_BUNDLE_IDENTIFIER = algoria.Shaker;
				SDKROOT = iphoneos;
				TARGETED_DEVICE_FAMILY = "1,2";
			};
			name = Release;
		};
		B1AEE0744FB1C6D047BA5892 /* Release */ = {
			isa = XCBuildConfiguration;
			buildSettings = {
				ALWAYS_SEARCH_USER_PATHS = NO;
				CLANG_ANALYZER_NONNULL = YES;
				CLANG_ANALYZER_NUMBER_OBJECT_CONVERSION = YES_AGGRESSIVE;
				CLANG_CXX_LANGUAGE_STANDARD = "gnu++14";
				CLANG_CXX_LIBRARY = "libc++";
				CLANG_ENABLE_MODULES = YES;
				CLANG_ENABLE_OBJC_ARC = YES;
				CLANG_ENABLE_OBJC_WEAK = YES;
				CLANG_WARN_BLOCK_CAPTURE_AUTORELEASING = YES;
				CLANG_WARN_BOOL_CONVERSION = YES;
				CLANG_WARN_COMMA = YES;
				CLANG_WARN_CONSTANT_CONVERSION = YES;
				CLANG_WARN_DEPRECATED_OBJC_IMPLEMENTATIONS = YES;
				CLANG_WARN_DIRECT_OBJC_ISA_USAGE = YES_ERROR;
				CLANG_WARN_DOCUMENTATION_COMMENTS = YES;
				CLANG_WARN_EMPTY_BODY = YES;
				CLANG_WARN_ENUM_CONVERSION = YES;
				CLANG_WARN_INFINITE_RECURSION = YES;
				CLANG_WARN_INT_CONVERSION = YES;
				CLANG_WARN_NON_LITERAL_NULL_CONVERSION = YES;
				CLANG_WARN_OBJC_IMPLICIT_RETAIN_SELF = YES;
				CLANG_WARN_OBJC_LITERAL_CONVERSION = YES;
				CLANG_WARN_OBJC_ROOT_CLASS = YES_ERROR;
				CLANG_WARN_QUOTED_INCLUDE_IN_FRAMEWORK_HEADER = YES;
				CLANG_WARN_RANGE_LOOP_ANALYSIS = YES;
				CLANG_WARN_STRICT_PROTOTYPES = YES;
				CLANG_WARN_SUSPICIOUS_MOVE = YES;
				CLANG_WARN_UNGUARDED_AVAILABILITY = YES_AGGRESSIVE;
				CLANG_WARN_UNREACHABLE_CODE = YES;
				CLANG_WARN__DUPLICATE_METHOD_MATCH = YES;
				COPY_PHASE_STRIP = NO;
				DEBUG_INFORMATION_FORMAT = "dwarf-with-dsym";
				ENABLE_NS_ASSERTIONS = NO;
				ENABLE_STRICT_OBJC_MSGSEND = YES;
				GCC_C_LANGUAGE_STANDARD = gnu11;
				GCC_NO_COMMON_BLOCKS = YES;
				GCC_WARN_64_TO_32_BIT_CONVERSION = YES;
				GCC_WARN_ABOUT_RETURN_TYPE = YES_ERROR;
				GCC_WARN_UNDECLARED_SELECTOR = YES;
				GCC_WARN_UNINITIALIZED_AUTOS = YES_AGGRESSIVE;
				GCC_WARN_UNUSED_FUNCTION = YES;
				GCC_WARN_UNUSED_VARIABLE = YES;
				MTL_ENABLE_DEBUG_INFO = NO;
				MTL_FAST_MATH = YES;
				PRODUCT_NAME = "$(TARGET_NAME)";
				SDKROOT = iphoneos;
				SWIFT_COMPILATION_MODE = wholemodule;
				SWIFT_OPTIMIZATION_LEVEL = "-O";
				SWIFT_VERSION = 5.0;
			};
			name = Release;
		};
		E2D448C4DFF1020DDB26C485 /* Debug */ = {
			isa = XCBuildConfiguration;
			buildSettings = {
				ASSETCATALOG_COMPILER_APPICON_NAME = AppIcon;
				CODE_SIGN_IDENTITY = "iPhone Developer";
				CURRENT_PROJECT_VERSION = 1;
				DEVELOPMENT_TEAM = algoria;
				INFOPLIST_FILE = XcodegenTest/Info.plist;
				IPHONEOS_DEPLOYMENT_TARGET = 16.0;
				LD_RUNPATH_SEARCH_PATHS = (
					"$(inherited)",
					"@executable_path/Frameworks",
				);
				MARKETING_VERSION = 1.0.0;
				OTHER_LDFLAGS = (
					"$(inherited)",
					"-ObjC",
					"-all_load",
				);
				PRODUCT_BUNDLE_IDENTIFIER = algoria.Shaker;
				SDKROOT = iphoneos;
				TARGETED_DEVICE_FAMILY = "1,2";
			};
			name = Debug;
		};
/* End XCBuildConfiguration section */

/* Begin XCConfigurationList section */
		9D3EB6E8DCDF72F4B8A2E72D /* Build configuration list for PBXProject "XcodegenTest" */ = {
			isa = XCConfigurationList;
			buildConfigurations = (
				6EF02B47250644E472621238 /* Debug */,
				B1AEE0744FB1C6D047BA5892 /* Release */,
			);
			defaultConfigurationIsVisible = 0;
			defaultConfigurationName = Debug;
		};
		FBA024EDCE62767BBFA0BF45 /* Build configuration list for PBXNativeTarget "XcodegenTest" */ = {
			isa = XCConfigurationList;
			buildConfigurations = (
				E2D448C4DFF1020DDB26C485 /* Debug */,
				775E70979ED958A49824D985 /* Release */,
			);
			defaultConfigurationIsVisible = 0;
			defaultConfigurationName = Debug;
		};
/* End XCConfigurationList section */
	};
	rootObject = C421B30AF0968281CDD567D1 /* Project object */;
}
